
Microsoft Visual Studio Solution File, Format Version 12.00
# Visual Studio 15
VisualStudioVersion = 15.0.27703.2000
MinimumVisualStudioVersion = 10.0.40219.1
Project("{FAE04EC0-301F-11D3-BF4B-00C04F79EFBC}") = "AirportHostConsoleWCF", "AirportConsoleWCF\AirportHostConsoleWCF.csproj", "{9C7B6852-23B2-480B-B191-7D61E148FED3}"
EndProject
Project("{FAE04EC0-301F-11D3-BF4B-00C04F79EFBC}") = "AirportClientConsoleWCF", "AirportClientConsoleWCF\AirportClientConsoleWCF.csproj", "{13E9B230-FBA6-4625-ACFF-9A55ABDCE124}"
EndProject
Global
	GlobalSection(SolutionConfigurationPlatforms) = preSolution
		Debug|Any CPU = Debug|Any CPU
		Release|Any CPU = Release|Any CPU
	EndGlobalSection
	GlobalSection(ProjectConfigurationPlatforms) = postSolution
		{9C7B6852-23B2-480B-B191-7D61E148FED3}.Debug|Any CPU.ActiveCfg = Debug|Any CPU
		{9C7B6852-23B2-480B-B191-7D61E148FED3}.Debug|Any CPU.Build.0 = Debug|Any CPU
		{9C7B6852-23B2-480B-B191-7D61E148FED3}.Release|Any CPU.ActiveCfg = Release|Any CPU
		{9C7B6852-23B2-480B-B191-7D61E148FED3}.Release|Any CPU.Build.0 = Release|Any CPU
		{13E9B230-FBA6-4625-ACFF-9A55ABDCE124}.Debug|Any CPU.ActiveCfg = Debug|Any CPU
		{13E9B230-FBA6-4625-ACFF-9A55ABDCE124}.Debug|Any CPU.Build.0 = Debug|Any CPU
		{13E9B230-FBA6-4625-ACFF-9A55ABDCE124}.Release|Any CPU.ActiveCfg = Release|Any CPU
		{13E9B230-FBA6-4625-ACFF-9A55ABDCE124}.Release|Any CPU.Build.0 = Release|Any CPU
	EndGlobalSection
	GlobalSection(SolutionProperties) = preSolution
		HideSolutionNode = FALSE
	EndGlobalSection
	GlobalSection(ExtensibilityGlobals) = postSolution
		SolutionGuid = {FB1BB8A2-AEEB-4071-9E20-A373E8835CF4}
	EndGlobalSection
EndGlobal
